
Microsoft Visual Studio Solution File, Format Version 12.00
# Visual Studio Version 17
VisualStudioVersion = 17.4.33205.214
MinimumVisualStudioVersion = 10.0.40219.1
Project("{9A19103F-16F7-4668-BE54-9A1E7A4F7556}") = "teacher", "teacher\teacher.csproj", "{A78AA7CB-7E8E-4BE3-ADFB-8351F5EFD3B1}"
EndProject
Project("{9A19103F-16F7-4668-BE54-9A1E7A4F7556}") = "teacher.Models", "teacher.Models\teacher.Models.csproj", "{7AD7CA77-2ACE-49DF-958F-966FDF8304C3}"
EndProject
Project("{9A19103F-16F7-4668-BE54-9A1E7A4F7556}") = "teacher.Services", "teacher.Services\teacher.Services.csproj", "{1A7CA628-83E5-42E4-A527-D8C86690F622}"
EndProject
Project("{9A19103F-16F7-4668-BE54-9A1E7A4F7556}") = "teacher.Db", "teacher.Db\teacher.Db.csproj", "{40623F7B-4A11-4C8A-99B4-BB5D85F04DD9}"
EndProject
Project("{2150E333-8FDC-42A3-9474-1A3956D46DE8}") = "Solution items", "Solution items", "{89B01AE3-895F-4362-9E62-7AB5F968CDD2}"
	ProjectSection(SolutionItems) = preProject
		.dockerignore = .dockerignore
		.env = .env
		.gitattributes = .gitattributes
		.gitignore = .gitignore
		.github\workflows\azure-container-webapp.yml = .github\workflows\azure-container-webapp.yml
		docker-compose.yml = docker-compose.yml
		Dockerfile = Dockerfile
	EndProjectSection
EndProject
Project("{FAE04EC0-301F-11D3-BF4B-00C04F79EFBC}") = "teacher.Test", "teacher.Test\teacher.Test.csproj", "{ADD4A1BB-691D-4EB7-B3D8-DBCB649A732E}"
EndProject
Global
	GlobalSection(SolutionConfigurationPlatforms) = preSolution
		Debug|Any CPU = Debug|Any CPU
		Release|Any CPU = Release|Any CPU
	EndGlobalSection
	GlobalSection(ProjectConfigurationPlatforms) = postSolution
		{A78AA7CB-7E8E-4BE3-ADFB-8351F5EFD3B1}.Debug|Any CPU.ActiveCfg = Debug|Any CPU
		{A78AA7CB-7E8E-4BE3-ADFB-8351F5EFD3B1}.Debug|Any CPU.Build.0 = Debug|Any CPU
		{A78AA7CB-7E8E-4BE3-ADFB-8351F5EFD3B1}.Release|Any CPU.ActiveCfg = Release|Any CPU
		{A78AA7CB-7E8E-4BE3-ADFB-8351F5EFD3B1}.Release|Any CPU.Build.0 = Release|Any CPU
		{7AD7CA77-2ACE-49DF-958F-966FDF8304C3}.Debug|Any CPU.ActiveCfg = Debug|Any CPU
		{7AD7CA77-2ACE-49DF-958F-966FDF8304C3}.Debug|Any CPU.Build.0 = Debug|Any CPU
		{7AD7CA77-2ACE-49DF-958F-966FDF8304C3}.Release|Any CPU.ActiveCfg = Release|Any CPU
		{7AD7CA77-2ACE-49DF-958F-966FDF8304C3}.Release|Any CPU.Build.0 = Release|Any CPU
		{1A7CA628-83E5-42E4-A527-D8C86690F622}.Debug|Any CPU.ActiveCfg = Debug|Any CPU
		{1A7CA628-83E5-42E4-A527-D8C86690F622}.Debug|Any CPU.Build.0 = Debug|Any CPU
		{1A7CA628-83E5-42E4-A527-D8C86690F622}.Release|Any CPU.ActiveCfg = Release|Any CPU
		{1A7CA628-83E5-42E4-A527-D8C86690F622}.Release|Any CPU.Build.0 = Release|Any CPU
		{40623F7B-4A11-4C8A-99B4-BB5D85F04DD9}.Debug|Any CPU.ActiveCfg = Debug|Any CPU
		{40623F7B-4A11-4C8A-99B4-BB5D85F04DD9}.Debug|Any CPU.Build.0 = Debug|Any CPU
		{40623F7B-4A11-4C8A-99B4-BB5D85F04DD9}.Release|Any CPU.ActiveCfg = Release|Any CPU
		{40623F7B-4A11-4C8A-99B4-BB5D85F04DD9}.Release|Any CPU.Build.0 = Release|Any CPU
		{ADD4A1BB-691D-4EB7-B3D8-DBCB649A732E}.Debug|Any CPU.ActiveCfg = Debug|Any CPU
		{ADD4A1BB-691D-4EB7-B3D8-DBCB649A732E}.Debug|Any CPU.Build.0 = Debug|Any CPU
		{ADD4A1BB-691D-4EB7-B3D8-DBCB649A732E}.Release|Any CPU.ActiveCfg = Release|Any CPU
		{ADD4A1BB-691D-4EB7-B3D8-DBCB649A732E}.Release|Any CPU.Build.0 = Release|Any CPU
	EndGlobalSection
	GlobalSection(SolutionProperties) = preSolution
		HideSolutionNode = FALSE
	EndGlobalSection
	GlobalSection(ExtensibilityGlobals) = postSolution
		SolutionGuid = {92CC975E-BCAE-41B5-9BBA-18808E3E158E}
	EndGlobalSection
EndGlobal
